
Microsoft Visual Studio Solution File, Format Version 12.00
# Visual Studio Version 17
VisualStudioVersion = 17.6.33815.320
MinimumVisualStudioVersion = 10.0.40219.1
Project("{FAE04EC0-301F-11D3-BF4B-00C04F79EFBC}") = "lab4ex5", "lab4ex5\lab4ex5.csproj", "{6ED2BE3A-76D8-4A15-B635-7EA524A0FC0B}"
EndProject
Global
	GlobalSection(SolutionConfigurationPlatforms) = preSolution
		Debug|Any CPU = Debug|Any CPU
		Release|Any CPU = Release|Any CPU
	EndGlobalSection
	GlobalSection(ProjectConfigurationPlatforms) = postSolution
		{6ED2BE3A-76D8-4A15-B635-7EA524A0FC0B}.Debug|Any CPU.ActiveCfg = Debug|Any CPU
		{6ED2BE3A-76D8-4A15-B635-7EA524A0FC0B}.Debug|Any CPU.Build.0 = Debug|Any CPU
		{6ED2BE3A-76D8-4A15-B635-7EA524A0FC0B}.Release|Any CPU.ActiveCfg = Release|Any CPU
		{6ED2BE3A-76D8-4A15-B635-7EA524A0FC0B}.Release|Any CPU.Build.0 = Release|Any CPU
	EndGlobalSection
	GlobalSection(SolutionProperties) = preSolution
		HideSolutionNode = FALSE
	EndGlobalSection
	GlobalSection(ExtensibilityGlobals) = postSolution
		SolutionGuid = {C799102C-938B-4AB6-B07C-948023C4C71F}
	EndGlobalSection
EndGlobal
